
Microsoft Visual Studio Solution File, Format Version 12.00
# Visual Studio Version 17
VisualStudioVersion = 17.6.33717.318
MinimumVisualStudioVersion = 10.0.40219.1
Project("{9A19103F-16F7-4668-BE54-9A1E7A4F7556}") = "WaseetAPI.Application", "WaseetAPI.Application\WaseetAPI.Application.csproj", "{D53AD764-D3DF-4FE9-A5F5-7C169254BA0F}"
EndProject
Project("{9A19103F-16F7-4668-BE54-9A1E7A4F7556}") = "WaseetAPI.Database", "WaseetAPI.Database\WaseetAPI.Database.csproj", "{6C7EAF05-17B0-475E-9E3C-D59C32CF934E}"
EndProject
Project("{9A19103F-16F7-4668-BE54-9A1E7A4F7556}") = "WaseetAPI.Domain", "WaseetAPI.Domain\WaseetAPI.Domain.csproj", "{93CC10EF-79B5-4A61-8E90-1A84FE38D68E}"
EndProject
Project("{9A19103F-16F7-4668-BE54-9A1E7A4F7556}") = "WaseetAPI", "WaseetAPI\WaseetAPI.csproj", "{52A8D032-D555-4A24-B6AC-1944DD15C399}"
EndProject
Project("{2150E333-8FDC-42A3-9474-1A3956D46DE8}") = "Solution Items", "Solution Items", "{61B105F1-D377-4AC5-85CF-EDCD05B2487A}"
	ProjectSection(SolutionItems) = preProject
		.editorconfig = .editorconfig
	EndProjectSection
EndProject
Global
	GlobalSection(SolutionConfigurationPlatforms) = preSolution
		Debug|Any CPU = Debug|Any CPU
		Release|Any CPU = Release|Any CPU
	EndGlobalSection
	GlobalSection(ProjectConfigurationPlatforms) = postSolution
		{D53AD764-D3DF-4FE9-A5F5-7C169254BA0F}.Debug|Any CPU.ActiveCfg = Debug|Any CPU
		{D53AD764-D3DF-4FE9-A5F5-7C169254BA0F}.Debug|Any CPU.Build.0 = Debug|Any CPU
		{D53AD764-D3DF-4FE9-A5F5-7C169254BA0F}.Release|Any CPU.ActiveCfg = Release|Any CPU
		{D53AD764-D3DF-4FE9-A5F5-7C169254BA0F}.Release|Any CPU.Build.0 = Release|Any CPU
		{6C7EAF05-17B0-475E-9E3C-D59C32CF934E}.Debug|Any CPU.ActiveCfg = Debug|Any CPU
		{6C7EAF05-17B0-475E-9E3C-D59C32CF934E}.Debug|Any CPU.Build.0 = Debug|Any CPU
		{6C7EAF05-17B0-475E-9E3C-D59C32CF934E}.Release|Any CPU.ActiveCfg = Release|Any CPU
		{6C7EAF05-17B0-475E-9E3C-D59C32CF934E}.Release|Any CPU.Build.0 = Release|Any CPU
		{93CC10EF-79B5-4A61-8E90-1A84FE38D68E}.Debug|Any CPU.ActiveCfg = Debug|Any CPU
		{93CC10EF-79B5-4A61-8E90-1A84FE38D68E}.Debug|Any CPU.Build.0 = Debug|Any CPU
		{93CC10EF-79B5-4A61-8E90-1A84FE38D68E}.Release|Any CPU.ActiveCfg = Release|Any CPU
		{93CC10EF-79B5-4A61-8E90-1A84FE38D68E}.Release|Any CPU.Build.0 = Release|Any CPU
		{52A8D032-D555-4A24-B6AC-1944DD15C399}.Debug|Any CPU.ActiveCfg = Debug|Any CPU
		{52A8D032-D555-4A24-B6AC-1944DD15C399}.Debug|Any CPU.Build.0 = Debug|Any CPU
		{52A8D032-D555-4A24-B6AC-1944DD15C399}.Release|Any CPU.ActiveCfg = Release|Any CPU
		{52A8D032-D555-4A24-B6AC-1944DD15C399}.Release|Any CPU.Build.0 = Release|Any CPU
	EndGlobalSection
	GlobalSection(SolutionProperties) = preSolution
		HideSolutionNode = FALSE
	EndGlobalSection
	GlobalSection(ExtensibilityGlobals) = postSolution
		SolutionGuid = {A1344BB5-6188-4B5E-8904-47CB7491BF33}
	EndGlobalSection
EndGlobal
